
Microsoft Visual Studio Solution File, Format Version 12.00
# Visual Studio Version 17
VisualStudioVersion = 17.3.32811.315
MinimumVisualStudioVersion = 10.0.40219.1
Project("{FAE04EC0-301F-11D3-BF4B-00C04F79EFBC}") = "CountAboveAverage", "CountAboveAverage\CountAboveAverage.csproj", "{023B5C10-2B44-4E37-8D04-CBF36BC61070}"
EndProject
Global
	GlobalSection(SolutionConfigurationPlatforms) = preSolution
		Debug|Any CPU = Debug|Any CPU
		Release|Any CPU = Release|Any CPU
	EndGlobalSection
	GlobalSection(ProjectConfigurationPlatforms) = postSolution
		{023B5C10-2B44-4E37-8D04-CBF36BC61070}.Debug|Any CPU.ActiveCfg = Debug|Any CPU
		{023B5C10-2B44-4E37-8D04-CBF36BC61070}.Debug|Any CPU.Build.0 = Debug|Any CPU
		{023B5C10-2B44-4E37-8D04-CBF36BC61070}.Release|Any CPU.ActiveCfg = Release|Any CPU
		{023B5C10-2B44-4E37-8D04-CBF36BC61070}.Release|Any CPU.Build.0 = Release|Any CPU
	EndGlobalSection
	GlobalSection(SolutionProperties) = preSolution
		HideSolutionNode = FALSE
	EndGlobalSection
	GlobalSection(ExtensibilityGlobals) = postSolution
		SolutionGuid = {6FEFB8BB-1DF5-4370-B0A8-0FFB13C41EBC}
	EndGlobalSection
EndGlobal
