
Microsoft Visual Studio Solution File, Format Version 12.00
# Visual Studio Version 17
VisualStudioVersion = 17.3.32811.315
MinimumVisualStudioVersion = 10.0.40219.1
Project("{FAE04EC0-301F-11D3-BF4B-00C04F79EFBC}") = "TakeHomePayApp", "TakeHomePayApp\TakeHomePayApp.csproj", "{E81A2F6D-ED02-4FD8-8BB1-359EA4BEBF99}"
EndProject
Global
	GlobalSection(SolutionConfigurationPlatforms) = preSolution
		Debug|Any CPU = Debug|Any CPU
		Release|Any CPU = Release|Any CPU
	EndGlobalSection
	GlobalSection(ProjectConfigurationPlatforms) = postSolution
		{E81A2F6D-ED02-4FD8-8BB1-359EA4BEBF99}.Debug|Any CPU.ActiveCfg = Debug|Any CPU
		{E81A2F6D-ED02-4FD8-8BB1-359EA4BEBF99}.Debug|Any CPU.Build.0 = Debug|Any CPU
		{E81A2F6D-ED02-4FD8-8BB1-359EA4BEBF99}.Release|Any CPU.ActiveCfg = Release|Any CPU
		{E81A2F6D-ED02-4FD8-8BB1-359EA4BEBF99}.Release|Any CPU.Build.0 = Release|Any CPU
	EndGlobalSection
	GlobalSection(SolutionProperties) = preSolution
		HideSolutionNode = FALSE
	EndGlobalSection
	GlobalSection(ExtensibilityGlobals) = postSolution
		SolutionGuid = {1F29DF4D-A9BD-421C-B1ED-5695EB469781}
	EndGlobalSection
EndGlobal
