
Microsoft Visual Studio Solution File, Format Version 12.00
# Visual Studio Version 17
VisualStudioVersion = 17.3.32901.215
MinimumVisualStudioVersion = 10.0.40219.1
Project("{FAE04EC0-301F-11D3-BF4B-00C04F79EFBC}") = "SalesApp2", "SalesApp2\SalesApp2.csproj", "{91384820-EDCE-4A5F-A63C-041674EC0451}"
EndProject
Global
	GlobalSection(SolutionConfigurationPlatforms) = preSolution
		Debug|Any CPU = Debug|Any CPU
		Release|Any CPU = Release|Any CPU
	EndGlobalSection
	GlobalSection(ProjectConfigurationPlatforms) = postSolution
		{91384820-EDCE-4A5F-A63C-041674EC0451}.Debug|Any CPU.ActiveCfg = Debug|Any CPU
		{91384820-EDCE-4A5F-A63C-041674EC0451}.Debug|Any CPU.Build.0 = Debug|Any CPU
		{91384820-EDCE-4A5F-A63C-041674EC0451}.Release|Any CPU.ActiveCfg = Release|Any CPU
		{91384820-EDCE-4A5F-A63C-041674EC0451}.Release|Any CPU.Build.0 = Release|Any CPU
	EndGlobalSection
	GlobalSection(SolutionProperties) = preSolution
		HideSolutionNode = FALSE
	EndGlobalSection
	GlobalSection(ExtensibilityGlobals) = postSolution
		SolutionGuid = {5867E4AD-8474-4FBD-A31E-E45D9A0016CB}
	EndGlobalSection
EndGlobal
