
Microsoft Visual Studio Solution File, Format Version 12.00
# Visual Studio Version 17
VisualStudioVersion = 17.3.32901.215
MinimumVisualStudioVersion = 10.0.40219.1
Project("{FAE04EC0-301F-11D3-BF4B-00C04F79EFBC}") = "CardDeck", "CardDeck\CardDeck.csproj", "{FEC3E0D4-7503-47ED-B613-2C99505F49DE}"
EndProject
Global
	GlobalSection(SolutionConfigurationPlatforms) = preSolution
		Debug|Any CPU = Debug|Any CPU
		Release|Any CPU = Release|Any CPU
	EndGlobalSection
	GlobalSection(ProjectConfigurationPlatforms) = postSolution
		{FEC3E0D4-7503-47ED-B613-2C99505F49DE}.Debug|Any CPU.ActiveCfg = Debug|Any CPU
		{FEC3E0D4-7503-47ED-B613-2C99505F49DE}.Debug|Any CPU.Build.0 = Debug|Any CPU
		{FEC3E0D4-7503-47ED-B613-2C99505F49DE}.Release|Any CPU.ActiveCfg = Release|Any CPU
		{FEC3E0D4-7503-47ED-B613-2C99505F49DE}.Release|Any CPU.Build.0 = Release|Any CPU
	EndGlobalSection
	GlobalSection(SolutionProperties) = preSolution
		HideSolutionNode = FALSE
	EndGlobalSection
	GlobalSection(ExtensibilityGlobals) = postSolution
		SolutionGuid = {41DEE007-C71F-4C25-A032-330B909F728E}
	EndGlobalSection
EndGlobal
