
Microsoft Visual Studio Solution File, Format Version 12.00
# Visual Studio Version 17
VisualStudioVersion = 17.3.32901.215
MinimumVisualStudioVersion = 10.0.40219.1
Project("{FAE04EC0-301F-11D3-BF4B-00C04F79EFBC}") = "Temperature", "Temperature\Temperature.csproj", "{86822455-F8AB-4CD2-A3C4-39B81F60A68A}"
EndProject
Global
	GlobalSection(SolutionConfigurationPlatforms) = preSolution
		Debug|Any CPU = Debug|Any CPU
		Release|Any CPU = Release|Any CPU
	EndGlobalSection
	GlobalSection(ProjectConfigurationPlatforms) = postSolution
		{86822455-F8AB-4CD2-A3C4-39B81F60A68A}.Debug|Any CPU.ActiveCfg = Debug|Any CPU
		{86822455-F8AB-4CD2-A3C4-39B81F60A68A}.Debug|Any CPU.Build.0 = Debug|Any CPU
		{86822455-F8AB-4CD2-A3C4-39B81F60A68A}.Release|Any CPU.ActiveCfg = Release|Any CPU
		{86822455-F8AB-4CD2-A3C4-39B81F60A68A}.Release|Any CPU.Build.0 = Release|Any CPU
	EndGlobalSection
	GlobalSection(SolutionProperties) = preSolution
		HideSolutionNode = FALSE
	EndGlobalSection
	GlobalSection(ExtensibilityGlobals) = postSolution
		SolutionGuid = {91CF8AFE-80ED-4757-A211-3D68BDEA6B24}
	EndGlobalSection
EndGlobal
