
Microsoft Visual Studio Solution File, Format Version 12.00
# Visual Studio Version 17
VisualStudioVersion = 17.3.32825.248
MinimumVisualStudioVersion = 10.0.40219.1
Project("{FAE04EC0-301F-11D3-BF4B-00C04F79EFBC}") = "MakeWords", "MakeWords\MakeWords.csproj", "{C8E24544-F02F-43CD-8311-55C5CF3EEDC4}"
EndProject
Global
	GlobalSection(SolutionConfigurationPlatforms) = preSolution
		Debug|Any CPU = Debug|Any CPU
		Release|Any CPU = Release|Any CPU
	EndGlobalSection
	GlobalSection(ProjectConfigurationPlatforms) = postSolution
		{C8E24544-F02F-43CD-8311-55C5CF3EEDC4}.Debug|Any CPU.ActiveCfg = Debug|Any CPU
		{C8E24544-F02F-43CD-8311-55C5CF3EEDC4}.Debug|Any CPU.Build.0 = Debug|Any CPU
		{C8E24544-F02F-43CD-8311-55C5CF3EEDC4}.Release|Any CPU.ActiveCfg = Release|Any CPU
		{C8E24544-F02F-43CD-8311-55C5CF3EEDC4}.Release|Any CPU.Build.0 = Release|Any CPU
	EndGlobalSection
	GlobalSection(SolutionProperties) = preSolution
		HideSolutionNode = FALSE
	EndGlobalSection
	GlobalSection(ExtensibilityGlobals) = postSolution
		SolutionGuid = {278B72D7-970A-48D7-BB52-679F2BE21892}
	EndGlobalSection
EndGlobal
