
Microsoft Visual Studio Solution File, Format Version 12.00
# Visual Studio Version 17
VisualStudioVersion = 17.3.32825.248
MinimumVisualStudioVersion = 10.0.40219.1
Project("{FAE04EC0-301F-11D3-BF4B-00C04F79EFBC}") = "AverageOfNumbers", "AverageOfNumbers\AverageOfNumbers.csproj", "{2C7A571B-57B9-4B05-9F2B-DBAD4E1544AD}"
EndProject
Global
	GlobalSection(SolutionConfigurationPlatforms) = preSolution
		Debug|Any CPU = Debug|Any CPU
		Release|Any CPU = Release|Any CPU
	EndGlobalSection
	GlobalSection(ProjectConfigurationPlatforms) = postSolution
		{2C7A571B-57B9-4B05-9F2B-DBAD4E1544AD}.Debug|Any CPU.ActiveCfg = Debug|Any CPU
		{2C7A571B-57B9-4B05-9F2B-DBAD4E1544AD}.Debug|Any CPU.Build.0 = Debug|Any CPU
		{2C7A571B-57B9-4B05-9F2B-DBAD4E1544AD}.Release|Any CPU.ActiveCfg = Release|Any CPU
		{2C7A571B-57B9-4B05-9F2B-DBAD4E1544AD}.Release|Any CPU.Build.0 = Release|Any CPU
	EndGlobalSection
	GlobalSection(SolutionProperties) = preSolution
		HideSolutionNode = FALSE
	EndGlobalSection
	GlobalSection(ExtensibilityGlobals) = postSolution
		SolutionGuid = {32DD9F7D-C5BE-4476-A5CA-157833EAFEB1}
	EndGlobalSection
EndGlobal
