
Microsoft Visual Studio Solution File, Format Version 12.00
# Visual Studio Version 17
VisualStudioVersion = 17.3.32901.215
MinimumVisualStudioVersion = 10.0.40219.1
Project("{FAE04EC0-301F-11D3-BF4B-00C04F79EFBC}") = "Dodgeball", "Dodgeball\Dodgeball.csproj", "{DCB50704-3D94-4150-9D60-CDCC65D88668}"
EndProject
Global
	GlobalSection(SolutionConfigurationPlatforms) = preSolution
		Debug|Any CPU = Debug|Any CPU
		Release|Any CPU = Release|Any CPU
	EndGlobalSection
	GlobalSection(ProjectConfigurationPlatforms) = postSolution
		{DCB50704-3D94-4150-9D60-CDCC65D88668}.Debug|Any CPU.ActiveCfg = Debug|Any CPU
		{DCB50704-3D94-4150-9D60-CDCC65D88668}.Debug|Any CPU.Build.0 = Debug|Any CPU
		{DCB50704-3D94-4150-9D60-CDCC65D88668}.Release|Any CPU.ActiveCfg = Release|Any CPU
		{DCB50704-3D94-4150-9D60-CDCC65D88668}.Release|Any CPU.Build.0 = Release|Any CPU
	EndGlobalSection
	GlobalSection(SolutionProperties) = preSolution
		HideSolutionNode = FALSE
	EndGlobalSection
	GlobalSection(ExtensibilityGlobals) = postSolution
		SolutionGuid = {600C43AA-E5EB-4F61-ACA3-E6C30133A025}
	EndGlobalSection
EndGlobal
