
Microsoft Visual Studio Solution File, Format Version 12.00
# Visual Studio Version 17
VisualStudioVersion = 17.4.33205.214
MinimumVisualStudioVersion = 10.0.40219.1
Project("{FAE04EC0-301F-11D3-BF4B-00C04F79EFBC}") = "complete", "complete\complete.csproj", "{74F7EFCC-4F7A-48A6-86D0-F00181324FE7}"
EndProject
Global
	GlobalSection(SolutionConfigurationPlatforms) = preSolution
		Debug|Any CPU = Debug|Any CPU
		Release|Any CPU = Release|Any CPU
	EndGlobalSection
	GlobalSection(ProjectConfigurationPlatforms) = postSolution
		{74F7EFCC-4F7A-48A6-86D0-F00181324FE7}.Debug|Any CPU.ActiveCfg = Debug|Any CPU
		{74F7EFCC-4F7A-48A6-86D0-F00181324FE7}.Debug|Any CPU.Build.0 = Debug|Any CPU
		{74F7EFCC-4F7A-48A6-86D0-F00181324FE7}.Release|Any CPU.ActiveCfg = Release|Any CPU
		{74F7EFCC-4F7A-48A6-86D0-F00181324FE7}.Release|Any CPU.Build.0 = Release|Any CPU
	EndGlobalSection
	GlobalSection(SolutionProperties) = preSolution
		HideSolutionNode = FALSE
	EndGlobalSection
	GlobalSection(ExtensibilityGlobals) = postSolution
		SolutionGuid = {FA04021D-753A-428C-8E73-DED5DBA2128A}
	EndGlobalSection
EndGlobal
