
Microsoft Visual Studio Solution File, Format Version 12.00
# Visual Studio Version 17
VisualStudioVersion = 17.3.32811.315
MinimumVisualStudioVersion = 10.0.40219.1
Project("{FAE04EC0-301F-11D3-BF4B-00C04F79EFBC}") = "OrderTreatsApp", "OrderTreatsApp\OrderTreatsApp.csproj", "{873E425E-2058-43FC-94ED-29AC1BE5EFFE}"
EndProject
Global
	GlobalSection(SolutionConfigurationPlatforms) = preSolution
		Debug|Any CPU = Debug|Any CPU
		Release|Any CPU = Release|Any CPU
	EndGlobalSection
	GlobalSection(ProjectConfigurationPlatforms) = postSolution
		{873E425E-2058-43FC-94ED-29AC1BE5EFFE}.Debug|Any CPU.ActiveCfg = Debug|Any CPU
		{873E425E-2058-43FC-94ED-29AC1BE5EFFE}.Debug|Any CPU.Build.0 = Debug|Any CPU
		{873E425E-2058-43FC-94ED-29AC1BE5EFFE}.Release|Any CPU.ActiveCfg = Release|Any CPU
		{873E425E-2058-43FC-94ED-29AC1BE5EFFE}.Release|Any CPU.Build.0 = Release|Any CPU
	EndGlobalSection
	GlobalSection(SolutionProperties) = preSolution
		HideSolutionNode = FALSE
	EndGlobalSection
	GlobalSection(ExtensibilityGlobals) = postSolution
		SolutionGuid = {56F5E212-3A0E-4EAA-B0F7-38BBEEDF1963}
	EndGlobalSection
EndGlobal
